
Microsoft Visual Studio Solution File, Format Version 12.00
# Visual Studio Version 16
VisualStudioVersion = 16.0.31702.278
MinimumVisualStudioVersion = 10.0.40219.1
Project("{8BC9CEB8-8B4A-11D0-8D11-00A0C91BC942}") = "Sp8", "Sp8\Sp8.vcxproj", "{F22908D4-CE5B-4457-8B8D-96E68ECB7BDA}"
EndProject
Global
	GlobalSection(SolutionConfigurationPlatforms) = preSolution
		Debug|x64 = Debug|x64
		Debug|x86 = Debug|x86
		Release|x64 = Release|x64
		Release|x86 = Release|x86
	EndGlobalSection
	GlobalSection(ProjectConfigurationPlatforms) = postSolution
		{F22908D4-CE5B-4457-8B8D-96E68ECB7BDA}.Debug|x64.ActiveCfg = Debug|x64
		{F22908D4-CE5B-4457-8B8D-96E68ECB7BDA}.Debug|x64.Build.0 = Debug|x64
		{F22908D4-CE5B-4457-8B8D-96E68ECB7BDA}.Debug|x86.ActiveCfg = Debug|Win32
		{F22908D4-CE5B-4457-8B8D-96E68ECB7BDA}.Debug|x86.Build.0 = Debug|Win32
		{F22908D4-CE5B-4457-8B8D-96E68ECB7BDA}.Release|x64.ActiveCfg = Release|x64
		{F22908D4-CE5B-4457-8B8D-96E68ECB7BDA}.Release|x64.Build.0 = Release|x64
		{F22908D4-CE5B-4457-8B8D-96E68ECB7BDA}.Release|x86.ActiveCfg = Release|Win32
		{F22908D4-CE5B-4457-8B8D-96E68ECB7BDA}.Release|x86.Build.0 = Release|Win32
	EndGlobalSection
	GlobalSection(SolutionProperties) = preSolution
		HideSolutionNode = FALSE
	EndGlobalSection
	GlobalSection(ExtensibilityGlobals) = postSolution
		SolutionGuid = {668EB65D-A3C7-423D-B4BD-FAD5F69CDC5F}
	EndGlobalSection
EndGlobal
